{
  "name": "dynamic-i18n",
  "version": "1.0.0",
  "lockfileVersion": 1,
  "requires": true,
  "dependencies": {
    "tagged-templates-io": {
      "version": "1.0.7",
      "resolved": "https://registry.npmjs.org/tagged-templates-io/-/tagged-templates-io-1.0.7.tgz",
      "integrity": "sha512-ULlS6N4RanGUYyDY3NmTNizrAFB9NLn+8bcPuzdeISh6OEAODRoU+FGosFWZpJo7KnN07qdPEGNKQfpB+6tnYg=="
    }
  }
}
